PATH
  remote: ../proto-clients/spicedb-ruby-proto
  specs:
    spicedb-proto (0.1.0)
      google-protobuf (~> 4.29)
      grpc (~> 1.67)

PATH
  remote: .
  specs:
    spicedb (0.1.0)
      grpc (~> 1.60)
      spicedb-proto (~> 0.1)

GEM
  remote: https://rubygems.org/
  specs:
    ast (2.4.3)
    bigdecimal (4.1.2)
    diff-lcs (1.6.2)
    google-protobuf (4.35.0)
      bigdecimal
      rake (~> 13.3)
    google-protobuf (4.35.0-aarch64-linux-gnu)
      bigdecimal
      rake (~> 13.3)
    google-protobuf (4.35.0-aarch64-linux-musl)
      bigdecimal
      rake (~> 13.3)
    google-protobuf (4.35.0-arm64-darwin)
      bigdecimal
      rake (~> 13.3)
    google-protobuf (4.35.0-x86-linux-gnu)
      bigdecimal
      rake (~> 13.3)
    google-protobuf (4.35.0-x86-linux-musl)
      bigdecimal
      rake (~> 13.3)
    google-protobuf (4.35.0-x86_64-darwin)
      bigdecimal
      rake (~> 13.3)
    google-protobuf (4.35.0-x86_64-linux-gnu)
      bigdecimal
      rake (~> 13.3)
    google-protobuf (4.35.0-x86_64-linux-musl)
      bigdecimal
      rake (~> 13.3)
    googleapis-common-protos-types (1.23.0)
      google-protobuf (~> 4.26)
    grpc (1.80.0)
      google-protobuf (>= 3.25, < 5.0)
      googleapis-common-protos-types (~> 1.0)
    grpc (1.80.0-aarch64-linux-gnu)
      google-protobuf (>= 3.25, < 5.0)
      googleapis-common-protos-types (~> 1.0)
    grpc (1.80.0-aarch64-linux-musl)
      google-protobuf (>= 3.25, < 5.0)
      googleapis-common-protos-types (~> 1.0)
    grpc (1.80.0-arm64-darwin)
      google-protobuf (>= 3.25, < 5.0)
      googleapis-common-protos-types (~> 1.0)
    grpc (1.80.0-x86-linux-gnu)
      google-protobuf (>= 3.25, < 5.0)
      googleapis-common-protos-types (~> 1.0)
    grpc (1.80.0-x86-linux-musl)
      google-protobuf (>= 3.25, < 5.0)
      googleapis-common-protos-types (~> 1.0)
    grpc (1.80.0-x86_64-darwin)
      google-protobuf (>= 3.25, < 5.0)
      googleapis-common-protos-types (~> 1.0)
    grpc (1.80.0-x86_64-linux-gnu)
      google-protobuf (>= 3.25, < 5.0)
      googleapis-common-protos-types (~> 1.0)
    grpc (1.80.0-x86_64-linux-musl)
      google-protobuf (>= 3.25, < 5.0)
      googleapis-common-protos-types (~> 1.0)
    json (2.19.5)
    language_server-protocol (3.17.0.5)
    lint_roller (1.1.0)
    parallel (1.28.0)
    parser (3.3.11.1)
      ast (~> 2.4.1)
      racc
    prism (1.9.0)
    racc (1.8.1)
    rainbow (3.1.1)
    rake (13.4.2)
    regexp_parser (2.12.0)
    rspec (3.13.2)
      rspec-core (~> 3.13.0)
      rspec-expectations (~> 3.13.0)
      rspec-mocks (~> 3.13.0)
    rspec-core (3.13.6)
      rspec-support (~> 3.13.0)
    rspec-expectations (3.13.5)
      diff-lcs (>= 1.2.0, < 2.0)
      rspec-support (~> 3.13.0)
    rspec-mocks (3.13.8)
      diff-lcs (>= 1.2.0, < 2.0)
      rspec-support (~> 3.13.0)
    rspec-support (3.13.7)
    rubocop (1.86.2)
      json (~> 2.3)
      language_server-protocol (~> 3.17.0.2)
      lint_roller (~> 1.1.0)
      parallel (>= 1.10)
      parser (>= 3.3.0.2)
      rainbow (>= 2.2.2, < 4.0)
      regexp_parser (>= 2.9.3, < 3.0)
      rubocop-ast (>= 1.49.0, < 2.0)
      ruby-progressbar (~> 1.7)
      unicode-display_width (>= 2.4.0, < 4.0)
    rubocop-ast (1.49.1)
      parser (>= 3.3.7.2)
      prism (~> 1.7)
    ruby-progressbar (1.13.0)
    unicode-display_width (3.2.0)
      unicode-emoji (~> 4.1)
    unicode-emoji (4.2.0)

PLATFORMS
  aarch64-linux-gnu
  aarch64-linux-musl
  arm64-darwin
  ruby
  x86-linux-gnu
  x86-linux-musl
  x86_64-darwin
  x86_64-linux-gnu
  x86_64-linux-musl

DEPENDENCIES
  rspec (~> 3.13)
  rubocop (~> 1.86, ~> 1.60)
  spicedb!
  spicedb-proto!

CHECKSUMS
  ast (2.4.3) sha256=954615157c1d6a382bc27d690d973195e79db7f55e9765ac7c481c60bdb4d383
  bigdecimal (4.1.2) sha256=53d217666027eab4280346fba98e7d5b66baaae1b9c3c1c0ffe89d48188a3fbd
  bundler (4.0.12) sha256=7f8b757d28dfb636e7b24fba2344ac6dd13b5b24f4b46d62573d483f211825ac
  diff-lcs (1.6.2) sha256=9ae0d2cba7d4df3075fe8cd8602a8604993efc0dfa934cff568969efb1909962
  google-protobuf (4.35.0) sha256=95346162c792ed78c9a28cbf2d937a53f706de6df36a27471582f63f03c30c0d
  google-protobuf (4.35.0-aarch64-linux-gnu) sha256=2cabd61b420918aec1564f9f7414e455bf922d20c5f8139d62783df5558a7aea
  google-protobuf (4.35.0-aarch64-linux-musl) sha256=f6b11f3420a4564f68e8233c95eac6924f6a727dfc2f81a56af2e09add551501
  google-protobuf (4.35.0-arm64-darwin) sha256=66ab26d3fc82b8950702e53ab16c198e3c0ea3f2a38aaaf1f32152da45593ac5
  google-protobuf (4.35.0-x86-linux-gnu) sha256=7a5b5681c7d7bf28e1a6e285e45bf55c4ef47b7b1ca8af6ff79964255efece9a
  google-protobuf (4.35.0-x86-linux-musl) sha256=f481b63b176c0335db8b50e46f033c0956857a599d9feafdd891a5c18ce28d43
  google-protobuf (4.35.0-x86_64-darwin) sha256=05eb5c8bc9899135befff496fc0a3642e7ff3d0943f043841dcc456f5654fea0
  google-protobuf (4.35.0-x86_64-linux-gnu) sha256=999226f3b00cd9fddb1b26851d16060212fa1d90c406aaad47e574682b716059
  google-protobuf (4.35.0-x86_64-linux-musl) sha256=be0218520d77b2aee898b363514b03819f6f63f9c041ae0d0d79b4ce5247bffd
  googleapis-common-protos-types (1.23.0) sha256=992e740a523794d9fc5f29a504465d8fc737aaa16c930fe7228e3346860faf0a
  grpc (1.80.0) sha256=2ded0c8bc3a1f3d34b8c790e00dd0120768ba0e9f9fd841e1dc67f7a2566d07d
  grpc (1.80.0-aarch64-linux-gnu) sha256=1c15048887224575cb38026fea5b9abb14ae955bfce8beb0701e0946959a8520
  grpc (1.80.0-aarch64-linux-musl) sha256=9568f17e848d873fffd27351d4d1c918ea621e901b3dfcd62d7ff86dbae286a3
  grpc (1.80.0-arm64-darwin) sha256=c4b5871ad7673c526b64e54e70a99d84e35e2c26a1fc9a91f9c3341c7821e0c7
  grpc (1.80.0-x86-linux-gnu) sha256=b9fbce2480b2f1e965a6241a5df033c0d20a19f99a637e3cb8a12a6f5c3e68c6
  grpc (1.80.0-x86-linux-musl) sha256=db943737f134e61d88709ba697fe0830e794eb4a2d12bd2bb9203afefd334f21
  grpc (1.80.0-x86_64-darwin) sha256=4484d1280a43f94e8f1ab6ae53d282a4832f8ffb61b6996f43fc50716f464f1c
  grpc (1.80.0-x86_64-linux-gnu) sha256=25ba8beb5438152fb60656161dc729c1258c6963ec568361f601e19b2fb7ac23
  grpc (1.80.0-x86_64-linux-musl) sha256=15a62e816c690bece9f5fd320a4b61aa735a2390daa8141596672a6e820ff342
  json (2.19.5) sha256=218a18553e4801d579ca7e0f5bc72bafd776d7397238a1fb4e74db5b0a812c59
  language_server-protocol (3.17.0.5) sha256=fd1e39a51a28bf3eec959379985a72e296e9f9acfce46f6a79d31ca8760803cc
  lint_roller (1.1.0) sha256=2c0c845b632a7d172cb849cc90c1bce937a28c5c8ccccb50dfd46a485003cc87
  parallel (1.28.0) sha256=33e6de1484baf2524792d178b0913fc8eb94c628d6cfe45599ad4458c638c970
  parser (3.3.11.1) sha256=d17ace7aabe3e72c3cc94043714be27cc6f852f104d81aa284c2281aecc65d54
  prism (1.9.0) sha256=7b530c6a9f92c24300014919c9dcbc055bf4cdf51ec30aed099b06cd6674ef85
  racc (1.8.1) sha256=4a7f6929691dbec8b5209a0b373bc2614882b55fc5d2e447a21aaa691303d62f
  rainbow (3.1.1) sha256=039491aa3a89f42efa1d6dec2fc4e62ede96eb6acd95e52f1ad581182b79bc6a
  rake (13.4.2) sha256=cb825b2bd5f1f8e91ca37bddb4b9aaf345551b4731da62949be002fa89283701
  regexp_parser (2.12.0) sha256=35a916a1d63190ab5c9009457136ae5f3c0c7512d60291d0d1378ba18ce08ebb
  rspec (3.13.2) sha256=206284a08ad798e61f86d7ca3e376718d52c0bc944626b2349266f239f820587
  rspec-core (3.13.6) sha256=a8823c6411667b60a8bca135364351dda34cd55e44ff94c4be4633b37d828b2d
  rspec-expectations (3.13.5) sha256=33a4d3a1d95060aea4c94e9f237030a8f9eae5615e9bd85718fe3a09e4b58836
  rspec-mocks (3.13.8) sha256=086ad3d3d17533f4237643de0b5c42f04b66348c28bf6b9c2d3f4a3b01af1d47
  rspec-support (3.13.7) sha256=0640e5570872aafefd79867901deeeeb40b0c9875a36b983d85f54fb7381c47c
  rubocop (1.86.2) sha256=bb2e97f635eda42c448f2588f4a6ff78f221b8bdfdf65b1e9b07fbd57521b45d
  rubocop-ast (1.49.1) sha256=4412f3ee70f6fe4546cc489548e0f6fcf76cafcfa80fa03af67098ffed755035
  ruby-progressbar (1.13.0) sha256=80fc9c47a9b640d6834e0dc7b3c94c9df37f08cb072b7761e4a71e22cff29b33
  spicedb (0.1.0)
  spicedb-proto (0.1.0)
  unicode-display_width (3.2.0) sha256=0cdd96b5681a5949cdbc2c55e7b420facae74c4aaf9a9815eee1087cb1853c42
  unicode-emoji (4.2.0) sha256=519e69150f75652e40bf736106cfbc8f0f73aa3fb6a65afe62fefa7f80b0f80f

BUNDLED WITH
  4.0.8
