PATH
  remote: ../proto-clients/spicedb-ruby-proto
  specs:
    spicedb-proto (0.1.0)
      google-protobuf (~> 4.29)
      grpc (~> 1.67)

PATH
  remote: .
  specs:
    spicedb (0.1.0)
      grpc (~> 1.60)
      spicedb-proto (~> 0.1)

GEM
  remote: https://rubygems.org/
  specs:
    ast (2.4.3)
    bigdecimal (4.1.2)
    diff-lcs (1.6.2)
    google-protobuf (4.36.0)
      bigdecimal
      rake (~> 13.3)
    google-protobuf (4.36.0-aarch64-linux-gnu)
      bigdecimal
      rake (~> 13.3)
    google-protobuf (4.36.0-aarch64-linux-musl)
      bigdecimal
      rake (~> 13.3)
    google-protobuf (4.36.0-arm64-darwin)
      bigdecimal
      rake (~> 13.3)
    google-protobuf (4.36.0-x86-linux-gnu)
      bigdecimal
      rake (~> 13.3)
    google-protobuf (4.36.0-x86-linux-musl)
      bigdecimal
      rake (~> 13.3)
    google-protobuf (4.36.0-x86_64-darwin)
      bigdecimal
      rake (~> 13.3)
    google-protobuf (4.36.0-x86_64-linux-gnu)
      bigdecimal
      rake (~> 13.3)
    google-protobuf (4.36.0-x86_64-linux-musl)
      bigdecimal
      rake (~> 13.3)
    googleapis-common-protos-types (1.23.0)
      google-protobuf (~> 4.26)
    grpc (1.83.0)
      google-protobuf (>= 3.25, < 5.0)
      googleapis-common-protos-types (~> 1.0)
    grpc (1.83.0-aarch64-linux-gnu)
      google-protobuf (>= 3.25, < 5.0)
      googleapis-common-protos-types (~> 1.0)
    grpc (1.83.0-aarch64-linux-musl)
      google-protobuf (>= 3.25, < 5.0)
      googleapis-common-protos-types (~> 1.0)
    grpc (1.83.0-arm64-darwin)
      google-protobuf (>= 3.25, < 5.0)
      googleapis-common-protos-types (~> 1.0)
    grpc (1.83.0-x86-linux-gnu)
      google-protobuf (>= 3.25, < 5.0)
      googleapis-common-protos-types (~> 1.0)
    grpc (1.83.0-x86-linux-musl)
      google-protobuf (>= 3.25, < 5.0)
      googleapis-common-protos-types (~> 1.0)
    grpc (1.83.0-x86_64-darwin)
      google-protobuf (>= 3.25, < 5.0)
      googleapis-common-protos-types (~> 1.0)
    grpc (1.83.0-x86_64-linux-gnu)
      google-protobuf (>= 3.25, < 5.0)
      googleapis-common-protos-types (~> 1.0)
    grpc (1.83.0-x86_64-linux-musl)
      google-protobuf (>= 3.25, < 5.0)
      googleapis-common-protos-types (~> 1.0)
    json (2.21.2)
    language_server-protocol (3.17.0.6)
    lint_roller (1.1.0)
    parallel (1.28.0)
    parser (3.3.12.0)
      ast (~> 2.4.1)
      racc
    prism (1.9.0)
    racc (1.8.1)
    rainbow (3.1.1)
    rake (13.4.2)
    regexp_parser (2.12.0)
    rspec (3.13.2)
      rspec-core (~> 3.13.0)
      rspec-expectations (~> 3.13.0)
      rspec-mocks (~> 3.13.0)
    rspec-core (3.13.6)
      rspec-support (~> 3.13.0)
    rspec-expectations (3.13.5)
      diff-lcs (>= 1.2.0, < 2.0)
      rspec-support (~> 3.13.0)
    rspec-mocks (3.13.8)
      diff-lcs (>= 1.2.0, < 2.0)
      rspec-support (~> 3.13.0)
    rspec-support (3.13.7)
    rubocop (1.90.0)
      json (>= 2.3)
      language_server-protocol (~> 3.17.0.2)
      lint_roller (~> 1.1.0)
      parallel (>= 1.10)
      parser (>= 3.3.0.2)
      rainbow (>= 2.2.2, < 4.0)
      regexp_parser (>= 2.9.3, < 3.0)
      rubocop-ast (>= 1.49.0, < 2.0)
      ruby-progressbar (~> 1.7)
      unicode-display_width (>= 2.4.0, < 4.0)
    rubocop-ast (1.50.0)
      parser (>= 3.3.7.2)
      prism (~> 1.7)
    ruby-progressbar (1.13.0)
    unicode-display_width (3.2.0)
      unicode-emoji (~> 4.1)
    unicode-emoji (4.2.0)

PLATFORMS
  aarch64-linux-gnu
  aarch64-linux-musl
  arm64-darwin
  ruby
  x86-linux-gnu
  x86-linux-musl
  x86_64-darwin
  x86_64-linux-gnu
  x86_64-linux-musl

DEPENDENCIES
  rspec (~> 3.13)
  rubocop (~> 1.90, ~> 1.60)
  spicedb!
  spicedb-proto!

CHECKSUMS
  ast (2.4.3) sha256=954615157c1d6a382bc27d690d973195e79db7f55e9765ac7c481c60bdb4d383
  bigdecimal (4.1.2) sha256=53d217666027eab4280346fba98e7d5b66baaae1b9c3c1c0ffe89d48188a3fbd
  diff-lcs (1.6.2) sha256=9ae0d2cba7d4df3075fe8cd8602a8604993efc0dfa934cff568969efb1909962
  google-protobuf (4.36.0) sha256=2132fb002366b85a57fbb796333e2cb1f969126e05f9af32149709ba3fd397b5
  google-protobuf (4.36.0-aarch64-linux-gnu) sha256=3fa22004853b83297d8ad4ca5c9adc8aea5e6da7b4caadf5577cb9da3eefe63f
  google-protobuf (4.36.0-aarch64-linux-musl) sha256=6392f5e7cc5366203349f268c98e39f29c2ef9766ebbdb434819d7edb085a12c
  google-protobuf (4.36.0-arm64-darwin) sha256=be182aac1cf55ccbbd27ec5a94d5b012069075f5c879d65423d33e6b2dec86f5
  google-protobuf (4.36.0-x86-linux-gnu) sha256=34c327aaf29e51db012e537cce9d2e38359d9ec96cb4a699eaf47231db6020ab
  google-protobuf (4.36.0-x86-linux-musl) sha256=621b53fd93f88cb68d3b3d25e5ecda8f9ea2977f86759c1badb701de5ae371d6
  google-protobuf (4.36.0-x86_64-darwin) sha256=6cb938760546ee5ce57d04ed358ea10d0278b6f1ddea35e100c278f429afc25b
  google-protobuf (4.36.0-x86_64-linux-gnu) sha256=8c253f7cb7647cdf1f54fc3f215e151206b5159e03d74fe29b8599264903de2b
  google-protobuf (4.36.0-x86_64-linux-musl) sha256=d6c510ff9743b3dcde6acdea06512e4e4ecf53246e5c5b689879861e05d4738a
  googleapis-common-protos-types (1.23.0) sha256=992e740a523794d9fc5f29a504465d8fc737aaa16c930fe7228e3346860faf0a
  grpc (1.83.0) sha256=38119e7f9f7cbc98e79145201da4be470a7542b0befad454651d35015ea55c59
  grpc (1.83.0-aarch64-linux-gnu) sha256=11562efdded494b2277fd9c3c530dfdf90177faa111526ae9e748d0be29f1a9d
  grpc (1.83.0-aarch64-linux-musl) sha256=ee745eab4f3922ed27d379cbc4bc0a99e58db367fa96312e9fe258aafd3afeb2
  grpc (1.83.0-arm64-darwin) sha256=25dd772aa80529f014d70da069787cd39b469c9edacbe493da4ff19952a147e2
  grpc (1.83.0-x86-linux-gnu) sha256=e9b20f54b8e8915f3921f12b266742e79da2c31d60e88295e15d0d16ea3cfd55
  grpc (1.83.0-x86-linux-musl) sha256=868e66d9c2a77eca1a93292fd879565219821fb5888673aedd08154303c9520c
  grpc (1.83.0-x86_64-darwin) sha256=cfad91d559d1907159a5247fb12dc112a8ea0ebe2027ca7f5ab648d01a645716
  grpc (1.83.0-x86_64-linux-gnu) sha256=25d66bfa3cb1b05258b3f9632478c7e7ceb52cb16ccc0b4b26d7df36be7158b1
  grpc (1.83.0-x86_64-linux-musl) sha256=a5023264dbb8038c23b147bbf80adb06932ef11b5ab493412e9e37a43114fa8c
  json (2.21.2) sha256=1f1d3b7cf2b3ba1a69beca0bb6db13d5438b80bff3cd54cdaaa620b9b07c1c6a
  language_server-protocol (3.17.0.6) sha256=5ef2c0c138f8267e1bc631d3328347d354f96724b0af22f2c79516120443b7f0
  lint_roller (1.1.0) sha256=2c0c845b632a7d172cb849cc90c1bce937a28c5c8ccccb50dfd46a485003cc87
  parallel (1.28.0) sha256=33e6de1484baf2524792d178b0913fc8eb94c628d6cfe45599ad4458c638c970
  parser (3.3.12.0) sha256=21a6d7f755d5a24dfbdc6e6b772e4e879a52e7631a88bc5a3a134606052c9828
  prism (1.9.0) sha256=7b530c6a9f92c24300014919c9dcbc055bf4cdf51ec30aed099b06cd6674ef85
  racc (1.8.1) sha256=4a7f6929691dbec8b5209a0b373bc2614882b55fc5d2e447a21aaa691303d62f
  rainbow (3.1.1) sha256=039491aa3a89f42efa1d6dec2fc4e62ede96eb6acd95e52f1ad581182b79bc6a
  rake (13.4.2) sha256=cb825b2bd5f1f8e91ca37bddb4b9aaf345551b4731da62949be002fa89283701
  regexp_parser (2.12.0) sha256=35a916a1d63190ab5c9009457136ae5f3c0c7512d60291d0d1378ba18ce08ebb
  rspec (3.13.2) sha256=206284a08ad798e61f86d7ca3e376718d52c0bc944626b2349266f239f820587
  rspec-core (3.13.6) sha256=a8823c6411667b60a8bca135364351dda34cd55e44ff94c4be4633b37d828b2d
  rspec-expectations (3.13.5) sha256=33a4d3a1d95060aea4c94e9f237030a8f9eae5615e9bd85718fe3a09e4b58836
  rspec-mocks (3.13.8) sha256=086ad3d3d17533f4237643de0b5c42f04b66348c28bf6b9c2d3f4a3b01af1d47
  rspec-support (3.13.7) sha256=0640e5570872aafefd79867901deeeeb40b0c9875a36b983d85f54fb7381c47c
  rubocop (1.90.0) sha256=9eb4c065b5c5154e4ef554c547972f3905a9eb6b53e657e580b6796b54bf8242
  rubocop-ast (1.50.0) sha256=b9ca88300da0803ee222ad20cdb30494c0a784eed06fdc35d254b06d662788db
  ruby-progressbar (1.13.0) sha256=80fc9c47a9b640d6834e0dc7b3c94c9df37f08cb072b7761e4a71e22cff29b33
  spicedb (0.1.0)
  spicedb-proto (0.1.0)
  unicode-display_width (3.2.0) sha256=0cdd96b5681a5949cdbc2c55e7b420facae74c4aaf9a9815eee1087cb1853c42
  unicode-emoji (4.2.0) sha256=519e69150f75652e40bf736106cfbc8f0f73aa3fb6a65afe62fefa7f80b0f80f

BUNDLED WITH
  4.0.8
