
Microsoft Visual Studio Solution File, Format Version 12.00
# Visual Studio Version 17
VisualStudioVersion = 17.0.31903.59
MinimumVisualStudioVersion = 10.0.40219.1
Project("{FAE04EC0-301F-11D3-BF4B-00C04F79EFBC}") = "SpiceDB.Client", "SpiceDB.Client\SpiceDB.Client.csproj", "{65C7B2F0-2C5C-51E2-9411-95771143EDE1}"
EndProject
Project("{FAE04EC0-301F-11D3-BF4B-00C04F79EFBC}") = "BulkOperations", "examples\BulkOperations\BulkOperations.csproj", "{94CAF49A-6CC7-571B-BEDB-922D6136FDBA}"
EndProject
Project("{FAE04EC0-301F-11D3-BF4B-00C04F79EFBC}") = "CallDeadlines", "examples\CallDeadlines\CallDeadlines.csproj", "{9BFBFA3A-835F-57B3-8D08-314D98828211}"
EndProject
Project("{FAE04EC0-301F-11D3-BF4B-00C04F79EFBC}") = "CheckPermission", "examples\CheckPermission\CheckPermission.csproj", "{6013CC49-05F6-5F49-9FAA-FC845835048E}"
EndProject
Project("{FAE04EC0-301F-11D3-BF4B-00C04F79EFBC}") = "ExpandPermissionTree", "examples\ExpandPermissionTree\ExpandPermissionTree.csproj", "{1446E772-6B08-5C6B-B332-B856E12151C3}"
EndProject
Project("{FAE04EC0-301F-11D3-BF4B-00C04F79EFBC}") = "LookupResources", "examples\LookupResources\LookupResources.csproj", "{724A4A47-F3EA-5E93-BB7E-15E5DA003871}"
EndProject
Project("{FAE04EC0-301F-11D3-BF4B-00C04F79EFBC}") = "LookupSubjects", "examples\LookupSubjects\LookupSubjects.csproj", "{AE681555-2A95-5F7C-97BD-6AC6C751F81C}"
EndProject
Project("{FAE04EC0-301F-11D3-BF4B-00C04F79EFBC}") = "ReadRelationships", "examples\ReadRelationships\ReadRelationships.csproj", "{6F0DBF67-190F-5413-8BC5-906E7EF866CA}"
EndProject
Project("{FAE04EC0-301F-11D3-BF4B-00C04F79EFBC}") = "RelationshipCounters", "examples\RelationshipCounters\RelationshipCounters.csproj", "{2F10AA4F-708E-5510-84B4-C66AFB11B179}"
EndProject
Project("{FAE04EC0-301F-11D3-BF4B-00C04F79EFBC}") = "SchemaManagement", "examples\SchemaManagement\SchemaManagement.csproj", "{760D2ACA-ECE8-5321-8439-C741ECE3FEE2}"
EndProject
Project("{FAE04EC0-301F-11D3-BF4B-00C04F79EFBC}") = "SchemaReflection", "examples\SchemaReflection\SchemaReflection.csproj", "{B78A9464-B1C2-5CEC-8662-FC7AB0F37944}"
EndProject
Project("{FAE04EC0-301F-11D3-BF4B-00C04F79EFBC}") = "WatchChanges", "examples\WatchChanges\WatchChanges.csproj", "{7573883B-D34D-5A98-BE9B-25FAF496A3CF}"
EndProject
Project("{FAE04EC0-301F-11D3-BF4B-00C04F79EFBC}") = "WriteRelationships", "examples\WriteRelationships\WriteRelationships.csproj", "{33B8A70D-3BE5-5CB3-8A2D-023F005E99D8}"
EndProject
Project("{2150E333-8FDC-42A3-9474-1A3956D46DE8}") = "examples", "examples", "{B36A84DF-456D-A817-6EDD-3EC3E7F6E11F}"
EndProject
Project("{FAE04EC0-301F-11D3-BF4B-00C04F79EFBC}") = "RawEscapeHatch", "examples\RawEscapeHatch\RawEscapeHatch.csproj", "{4AA1618B-E706-44D4-B51D-4150FB3553BC}"
EndProject
Global
	GlobalSection(SolutionConfigurationPlatforms) = preSolution
		Debug|Any CPU = Debug|Any CPU
		Debug|x64 = Debug|x64
		Debug|x86 = Debug|x86
		Release|Any CPU = Release|Any CPU
		Release|x64 = Release|x64
		Release|x86 = Release|x86
	EndGlobalSection
	GlobalSection(ProjectConfigurationPlatforms) = postSolution
		{65C7B2F0-2C5C-51E2-9411-95771143EDE1}.Debug|Any CPU.ActiveCfg = Debug|Any CPU
		{65C7B2F0-2C5C-51E2-9411-95771143EDE1}.Debug|Any CPU.Build.0 = Debug|Any CPU
		{65C7B2F0-2C5C-51E2-9411-95771143EDE1}.Debug|x64.ActiveCfg = Debug|Any CPU
		{65C7B2F0-2C5C-51E2-9411-95771143EDE1}.Debug|x64.Build.0 = Debug|Any CPU
		{65C7B2F0-2C5C-51E2-9411-95771143EDE1}.Debug|x86.ActiveCfg = Debug|Any CPU
		{65C7B2F0-2C5C-51E2-9411-95771143EDE1}.Debug|x86.Build.0 = Debug|Any CPU
		{65C7B2F0-2C5C-51E2-9411-95771143EDE1}.Release|Any CPU.ActiveCfg = Release|Any CPU
		{65C7B2F0-2C5C-51E2-9411-95771143EDE1}.Release|Any CPU.Build.0 = Release|Any CPU
		{65C7B2F0-2C5C-51E2-9411-95771143EDE1}.Release|x64.ActiveCfg = Release|Any CPU
		{65C7B2F0-2C5C-51E2-9411-95771143EDE1}.Release|x64.Build.0 = Release|Any CPU
		{65C7B2F0-2C5C-51E2-9411-95771143EDE1}.Release|x86.ActiveCfg = Release|Any CPU
		{65C7B2F0-2C5C-51E2-9411-95771143EDE1}.Release|x86.Build.0 = Release|Any CPU
		{94CAF49A-6CC7-571B-BEDB-922D6136FDBA}.Debug|Any CPU.ActiveCfg = Debug|Any CPU
		{94CAF49A-6CC7-571B-BEDB-922D6136FDBA}.Debug|Any CPU.Build.0 = Debug|Any CPU
		{94CAF49A-6CC7-571B-BEDB-922D6136FDBA}.Debug|x64.ActiveCfg = Debug|Any CPU
		{94CAF49A-6CC7-571B-BEDB-922D6136FDBA}.Debug|x64.Build.0 = Debug|Any CPU
		{94CAF49A-6CC7-571B-BEDB-922D6136FDBA}.Debug|x86.ActiveCfg = Debug|Any CPU
		{94CAF49A-6CC7-571B-BEDB-922D6136FDBA}.Debug|x86.Build.0 = Debug|Any CPU
		{94CAF49A-6CC7-571B-BEDB-922D6136FDBA}.Release|Any CPU.ActiveCfg = Release|Any CPU
		{94CAF49A-6CC7-571B-BEDB-922D6136FDBA}.Release|Any CPU.Build.0 = Release|Any CPU
		{94CAF49A-6CC7-571B-BEDB-922D6136FDBA}.Release|x64.ActiveCfg = Release|Any CPU
		{94CAF49A-6CC7-571B-BEDB-922D6136FDBA}.Release|x64.Build.0 = Release|Any CPU
		{94CAF49A-6CC7-571B-BEDB-922D6136FDBA}.Release|x86.ActiveCfg = Release|Any CPU
		{94CAF49A-6CC7-571B-BEDB-922D6136FDBA}.Release|x86.Build.0 = Release|Any CPU
		{9BFBFA3A-835F-57B3-8D08-314D98828211}.Debug|Any CPU.ActiveCfg = Debug|Any CPU
		{9BFBFA3A-835F-57B3-8D08-314D98828211}.Debug|Any CPU.Build.0 = Debug|Any CPU
		{9BFBFA3A-835F-57B3-8D08-314D98828211}.Debug|x64.ActiveCfg = Debug|Any CPU
		{9BFBFA3A-835F-57B3-8D08-314D98828211}.Debug|x64.Build.0 = Debug|Any CPU
		{9BFBFA3A-835F-57B3-8D08-314D98828211}.Debug|x86.ActiveCfg = Debug|Any CPU
		{9BFBFA3A-835F-57B3-8D08-314D98828211}.Debug|x86.Build.0 = Debug|Any CPU
		{9BFBFA3A-835F-57B3-8D08-314D98828211}.Release|Any CPU.ActiveCfg = Release|Any CPU
		{9BFBFA3A-835F-57B3-8D08-314D98828211}.Release|Any CPU.Build.0 = Release|Any CPU
		{9BFBFA3A-835F-57B3-8D08-314D98828211}.Release|x64.ActiveCfg = Release|Any CPU
		{9BFBFA3A-835F-57B3-8D08-314D98828211}.Release|x64.Build.0 = Release|Any CPU
		{9BFBFA3A-835F-57B3-8D08-314D98828211}.Release|x86.ActiveCfg = Release|Any CPU
		{9BFBFA3A-835F-57B3-8D08-314D98828211}.Release|x86.Build.0 = Release|Any CPU
		{6013CC49-05F6-5F49-9FAA-FC845835048E}.Debug|Any CPU.ActiveCfg = Debug|Any CPU
		{6013CC49-05F6-5F49-9FAA-FC845835048E}.Debug|Any CPU.Build.0 = Debug|Any CPU
		{6013CC49-05F6-5F49-9FAA-FC845835048E}.Debug|x64.ActiveCfg = Debug|Any CPU
		{6013CC49-05F6-5F49-9FAA-FC845835048E}.Debug|x64.Build.0 = Debug|Any CPU
		{6013CC49-05F6-5F49-9FAA-FC845835048E}.Debug|x86.ActiveCfg = Debug|Any CPU
		{6013CC49-05F6-5F49-9FAA-FC845835048E}.Debug|x86.Build.0 = Debug|Any CPU
		{6013CC49-05F6-5F49-9FAA-FC845835048E}.Release|Any CPU.ActiveCfg = Release|Any CPU
		{6013CC49-05F6-5F49-9FAA-FC845835048E}.Release|Any CPU.Build.0 = Release|Any CPU
		{6013CC49-05F6-5F49-9FAA-FC845835048E}.Release|x64.ActiveCfg = Release|Any CPU
		{6013CC49-05F6-5F49-9FAA-FC845835048E}.Release|x64.Build.0 = Release|Any CPU
		{6013CC49-05F6-5F49-9FAA-FC845835048E}.Release|x86.ActiveCfg = Release|Any CPU
		{6013CC49-05F6-5F49-9FAA-FC845835048E}.Release|x86.Build.0 = Release|Any CPU
		{1446E772-6B08-5C6B-B332-B856E12151C3}.Debug|Any CPU.ActiveCfg = Debug|Any CPU
		{1446E772-6B08-5C6B-B332-B856E12151C3}.Debug|Any CPU.Build.0 = Debug|Any CPU
		{1446E772-6B08-5C6B-B332-B856E12151C3}.Debug|x64.ActiveCfg = Debug|Any CPU
		{1446E772-6B08-5C6B-B332-B856E12151C3}.Debug|x64.Build.0 = Debug|Any CPU
		{1446E772-6B08-5C6B-B332-B856E12151C3}.Debug|x86.ActiveCfg = Debug|Any CPU
		{1446E772-6B08-5C6B-B332-B856E12151C3}.Debug|x86.Build.0 = Debug|Any CPU
		{1446E772-6B08-5C6B-B332-B856E12151C3}.Release|Any CPU.ActiveCfg = Release|Any CPU
		{1446E772-6B08-5C6B-B332-B856E12151C3}.Release|Any CPU.Build.0 = Release|Any CPU
		{1446E772-6B08-5C6B-B332-B856E12151C3}.Release|x64.ActiveCfg = Release|Any CPU
		{1446E772-6B08-5C6B-B332-B856E12151C3}.Release|x64.Build.0 = Release|Any CPU
		{1446E772-6B08-5C6B-B332-B856E12151C3}.Release|x86.ActiveCfg = Release|Any CPU
		{1446E772-6B08-5C6B-B332-B856E12151C3}.Release|x86.Build.0 = Release|Any CPU
		{724A4A47-F3EA-5E93-BB7E-15E5DA003871}.Debug|Any CPU.ActiveCfg = Debug|Any CPU
		{724A4A47-F3EA-5E93-BB7E-15E5DA003871}.Debug|Any CPU.Build.0 = Debug|Any CPU
		{724A4A47-F3EA-5E93-BB7E-15E5DA003871}.Debug|x64.ActiveCfg = Debug|Any CPU
		{724A4A47-F3EA-5E93-BB7E-15E5DA003871}.Debug|x64.Build.0 = Debug|Any CPU
		{724A4A47-F3EA-5E93-BB7E-15E5DA003871}.Debug|x86.ActiveCfg = Debug|Any CPU
		{724A4A47-F3EA-5E93-BB7E-15E5DA003871}.Debug|x86.Build.0 = Debug|Any CPU
		{724A4A47-F3EA-5E93-BB7E-15E5DA003871}.Release|Any CPU.ActiveCfg = Release|Any CPU
		{724A4A47-F3EA-5E93-BB7E-15E5DA003871}.Release|Any CPU.Build.0 = Release|Any CPU
		{724A4A47-F3EA-5E93-BB7E-15E5DA003871}.Release|x64.ActiveCfg = Release|Any CPU
		{724A4A47-F3EA-5E93-BB7E-15E5DA003871}.Release|x64.Build.0 = Release|Any CPU
		{724A4A47-F3EA-5E93-BB7E-15E5DA003871}.Release|x86.ActiveCfg = Release|Any CPU
		{724A4A47-F3EA-5E93-BB7E-15E5DA003871}.Release|x86.Build.0 = Release|Any CPU
		{AE681555-2A95-5F7C-97BD-6AC6C751F81C}.Debug|Any CPU.ActiveCfg = Debug|Any CPU
		{AE681555-2A95-5F7C-97BD-6AC6C751F81C}.Debug|Any CPU.Build.0 = Debug|Any CPU
		{AE681555-2A95-5F7C-97BD-6AC6C751F81C}.Debug|x64.ActiveCfg = Debug|Any CPU
		{AE681555-2A95-5F7C-97BD-6AC6C751F81C}.Debug|x64.Build.0 = Debug|Any CPU
		{AE681555-2A95-5F7C-97BD-6AC6C751F81C}.Debug|x86.ActiveCfg = Debug|Any CPU
		{AE681555-2A95-5F7C-97BD-6AC6C751F81C}.Debug|x86.Build.0 = Debug|Any CPU
		{AE681555-2A95-5F7C-97BD-6AC6C751F81C}.Release|Any CPU.ActiveCfg = Release|Any CPU
		{AE681555-2A95-5F7C-97BD-6AC6C751F81C}.Release|Any CPU.Build.0 = Release|Any CPU
		{AE681555-2A95-5F7C-97BD-6AC6C751F81C}.Release|x64.ActiveCfg = Release|Any CPU
		{AE681555-2A95-5F7C-97BD-6AC6C751F81C}.Release|x64.Build.0 = Release|Any CPU
		{AE681555-2A95-5F7C-97BD-6AC6C751F81C}.Release|x86.ActiveCfg = Release|Any CPU
		{AE681555-2A95-5F7C-97BD-6AC6C751F81C}.Release|x86.Build.0 = Release|Any CPU
		{6F0DBF67-190F-5413-8BC5-906E7EF866CA}.Debug|Any CPU.ActiveCfg = Debug|Any CPU
		{6F0DBF67-190F-5413-8BC5-906E7EF866CA}.Debug|Any CPU.Build.0 = Debug|Any CPU
		{6F0DBF67-190F-5413-8BC5-906E7EF866CA}.Debug|x64.ActiveCfg = Debug|Any CPU
		{6F0DBF67-190F-5413-8BC5-906E7EF866CA}.Debug|x64.Build.0 = Debug|Any CPU
		{6F0DBF67-190F-5413-8BC5-906E7EF866CA}.Debug|x86.ActiveCfg = Debug|Any CPU
		{6F0DBF67-190F-5413-8BC5-906E7EF866CA}.Debug|x86.Build.0 = Debug|Any CPU
		{6F0DBF67-190F-5413-8BC5-906E7EF866CA}.Release|Any CPU.ActiveCfg = Release|Any CPU
		{6F0DBF67-190F-5413-8BC5-906E7EF866CA}.Release|Any CPU.Build.0 = Release|Any CPU
		{6F0DBF67-190F-5413-8BC5-906E7EF866CA}.Release|x64.ActiveCfg = Release|Any CPU
		{6F0DBF67-190F-5413-8BC5-906E7EF866CA}.Release|x64.Build.0 = Release|Any CPU
		{6F0DBF67-190F-5413-8BC5-906E7EF866CA}.Release|x86.ActiveCfg = Release|Any CPU
		{6F0DBF67-190F-5413-8BC5-906E7EF866CA}.Release|x86.Build.0 = Release|Any CPU
		{2F10AA4F-708E-5510-84B4-C66AFB11B179}.Debug|Any CPU.ActiveCfg = Debug|Any CPU
		{2F10AA4F-708E-5510-84B4-C66AFB11B179}.Debug|Any CPU.Build.0 = Debug|Any CPU
		{2F10AA4F-708E-5510-84B4-C66AFB11B179}.Debug|x64.ActiveCfg = Debug|Any CPU
		{2F10AA4F-708E-5510-84B4-C66AFB11B179}.Debug|x64.Build.0 = Debug|Any CPU
		{2F10AA4F-708E-5510-84B4-C66AFB11B179}.Debug|x86.ActiveCfg = Debug|Any CPU
		{2F10AA4F-708E-5510-84B4-C66AFB11B179}.Debug|x86.Build.0 = Debug|Any CPU
		{2F10AA4F-708E-5510-84B4-C66AFB11B179}.Release|Any CPU.ActiveCfg = Release|Any CPU
		{2F10AA4F-708E-5510-84B4-C66AFB11B179}.Release|Any CPU.Build.0 = Release|Any CPU
		{2F10AA4F-708E-5510-84B4-C66AFB11B179}.Release|x64.ActiveCfg = Release|Any CPU
		{2F10AA4F-708E-5510-84B4-C66AFB11B179}.Release|x64.Build.0 = Release|Any CPU
		{2F10AA4F-708E-5510-84B4-C66AFB11B179}.Release|x86.ActiveCfg = Release|Any CPU
		{2F10AA4F-708E-5510-84B4-C66AFB11B179}.Release|x86.Build.0 = Release|Any CPU
		{760D2ACA-ECE8-5321-8439-C741ECE3FEE2}.Debug|Any CPU.ActiveCfg = Debug|Any CPU
		{760D2ACA-ECE8-5321-8439-C741ECE3FEE2}.Debug|Any CPU.Build.0 = Debug|Any CPU
		{760D2ACA-ECE8-5321-8439-C741ECE3FEE2}.Debug|x64.ActiveCfg = Debug|Any CPU
		{760D2ACA-ECE8-5321-8439-C741ECE3FEE2}.Debug|x64.Build.0 = Debug|Any CPU
		{760D2ACA-ECE8-5321-8439-C741ECE3FEE2}.Debug|x86.ActiveCfg = Debug|Any CPU
		{760D2ACA-ECE8-5321-8439-C741ECE3FEE2}.Debug|x86.Build.0 = Debug|Any CPU
		{760D2ACA-ECE8-5321-8439-C741ECE3FEE2}.Release|Any CPU.ActiveCfg = Release|Any CPU
		{760D2ACA-ECE8-5321-8439-C741ECE3FEE2}.Release|Any CPU.Build.0 = Release|Any CPU
		{760D2ACA-ECE8-5321-8439-C741ECE3FEE2}.Release|x64.ActiveCfg = Release|Any CPU
		{760D2ACA-ECE8-5321-8439-C741ECE3FEE2}.Release|x64.Build.0 = Release|Any CPU
		{760D2ACA-ECE8-5321-8439-C741ECE3FEE2}.Release|x86.ActiveCfg = Release|Any CPU
		{760D2ACA-ECE8-5321-8439-C741ECE3FEE2}.Release|x86.Build.0 = Release|Any CPU
		{B78A9464-B1C2-5CEC-8662-FC7AB0F37944}.Debug|Any CPU.ActiveCfg = Debug|Any CPU
		{B78A9464-B1C2-5CEC-8662-FC7AB0F37944}.Debug|Any CPU.Build.0 = Debug|Any CPU
		{B78A9464-B1C2-5CEC-8662-FC7AB0F37944}.Debug|x64.ActiveCfg = Debug|Any CPU
		{B78A9464-B1C2-5CEC-8662-FC7AB0F37944}.Debug|x64.Build.0 = Debug|Any CPU
		{B78A9464-B1C2-5CEC-8662-FC7AB0F37944}.Debug|x86.ActiveCfg = Debug|Any CPU
		{B78A9464-B1C2-5CEC-8662-FC7AB0F37944}.Debug|x86.Build.0 = Debug|Any CPU
		{B78A9464-B1C2-5CEC-8662-FC7AB0F37944}.Release|Any CPU.ActiveCfg = Release|Any CPU
		{B78A9464-B1C2-5CEC-8662-FC7AB0F37944}.Release|Any CPU.Build.0 = Release|Any CPU
		{B78A9464-B1C2-5CEC-8662-FC7AB0F37944}.Release|x64.ActiveCfg = Release|Any CPU
		{B78A9464-B1C2-5CEC-8662-FC7AB0F37944}.Release|x64.Build.0 = Release|Any CPU
		{B78A9464-B1C2-5CEC-8662-FC7AB0F37944}.Release|x86.ActiveCfg = Release|Any CPU
		{B78A9464-B1C2-5CEC-8662-FC7AB0F37944}.Release|x86.Build.0 = Release|Any CPU
		{7573883B-D34D-5A98-BE9B-25FAF496A3CF}.Debug|Any CPU.ActiveCfg = Debug|Any CPU
		{7573883B-D34D-5A98-BE9B-25FAF496A3CF}.Debug|Any CPU.Build.0 = Debug|Any CPU
		{7573883B-D34D-5A98-BE9B-25FAF496A3CF}.Debug|x64.ActiveCfg = Debug|Any CPU
		{7573883B-D34D-5A98-BE9B-25FAF496A3CF}.Debug|x64.Build.0 = Debug|Any CPU
		{7573883B-D34D-5A98-BE9B-25FAF496A3CF}.Debug|x86.ActiveCfg = Debug|Any CPU
		{7573883B-D34D-5A98-BE9B-25FAF496A3CF}.Debug|x86.Build.0 = Debug|Any CPU
		{7573883B-D34D-5A98-BE9B-25FAF496A3CF}.Release|Any CPU.ActiveCfg = Release|Any CPU
		{7573883B-D34D-5A98-BE9B-25FAF496A3CF}.Release|Any CPU.Build.0 = Release|Any CPU
		{7573883B-D34D-5A98-BE9B-25FAF496A3CF}.Release|x64.ActiveCfg = Release|Any CPU
		{7573883B-D34D-5A98-BE9B-25FAF496A3CF}.Release|x64.Build.0 = Release|Any CPU
		{7573883B-D34D-5A98-BE9B-25FAF496A3CF}.Release|x86.ActiveCfg = Release|Any CPU
		{7573883B-D34D-5A98-BE9B-25FAF496A3CF}.Release|x86.Build.0 = Release|Any CPU
		{33B8A70D-3BE5-5CB3-8A2D-023F005E99D8}.Debug|Any CPU.ActiveCfg = Debug|Any CPU
		{33B8A70D-3BE5-5CB3-8A2D-023F005E99D8}.Debug|Any CPU.Build.0 = Debug|Any CPU
		{33B8A70D-3BE5-5CB3-8A2D-023F005E99D8}.Debug|x64.ActiveCfg = Debug|Any CPU
		{33B8A70D-3BE5-5CB3-8A2D-023F005E99D8}.Debug|x64.Build.0 = Debug|Any CPU
		{33B8A70D-3BE5-5CB3-8A2D-023F005E99D8}.Debug|x86.ActiveCfg = Debug|Any CPU
		{33B8A70D-3BE5-5CB3-8A2D-023F005E99D8}.Debug|x86.Build.0 = Debug|Any CPU
		{33B8A70D-3BE5-5CB3-8A2D-023F005E99D8}.Release|Any CPU.ActiveCfg = Release|Any CPU
		{33B8A70D-3BE5-5CB3-8A2D-023F005E99D8}.Release|Any CPU.Build.0 = Release|Any CPU
		{33B8A70D-3BE5-5CB3-8A2D-023F005E99D8}.Release|x64.ActiveCfg = Release|Any CPU
		{33B8A70D-3BE5-5CB3-8A2D-023F005E99D8}.Release|x64.Build.0 = Release|Any CPU
		{33B8A70D-3BE5-5CB3-8A2D-023F005E99D8}.Release|x86.ActiveCfg = Release|Any CPU
		{33B8A70D-3BE5-5CB3-8A2D-023F005E99D8}.Release|x86.Build.0 = Release|Any CPU
		{4AA1618B-E706-44D4-B51D-4150FB3553BC}.Debug|Any CPU.ActiveCfg = Debug|Any CPU
		{4AA1618B-E706-44D4-B51D-4150FB3553BC}.Debug|Any CPU.Build.0 = Debug|Any CPU
		{4AA1618B-E706-44D4-B51D-4150FB3553BC}.Debug|x64.ActiveCfg = Debug|Any CPU
		{4AA1618B-E706-44D4-B51D-4150FB3553BC}.Debug|x64.Build.0 = Debug|Any CPU
		{4AA1618B-E706-44D4-B51D-4150FB3553BC}.Debug|x86.ActiveCfg = Debug|Any CPU
		{4AA1618B-E706-44D4-B51D-4150FB3553BC}.Debug|x86.Build.0 = Debug|Any CPU
		{4AA1618B-E706-44D4-B51D-4150FB3553BC}.Release|Any CPU.ActiveCfg = Release|Any CPU
		{4AA1618B-E706-44D4-B51D-4150FB3553BC}.Release|Any CPU.Build.0 = Release|Any CPU
		{4AA1618B-E706-44D4-B51D-4150FB3553BC}.Release|x64.ActiveCfg = Release|Any CPU
		{4AA1618B-E706-44D4-B51D-4150FB3553BC}.Release|x64.Build.0 = Release|Any CPU
		{4AA1618B-E706-44D4-B51D-4150FB3553BC}.Release|x86.ActiveCfg = Release|Any CPU
		{4AA1618B-E706-44D4-B51D-4150FB3553BC}.Release|x86.Build.0 = Release|Any CPU
	EndGlobalSection
	GlobalSection(SolutionProperties) = preSolution
		HideSolutionNode = FALSE
	EndGlobalSection
	GlobalSection(NestedProjects) = preSolution
		{4AA1618B-E706-44D4-B51D-4150FB3553BC} = {B36A84DF-456D-A817-6EDD-3EC3E7F6E11F}
	EndGlobalSection
EndGlobal
